
Microsoft Visual Studio Solution File, Format Version 12.00
# Visual Studio Version 16
VisualStudioVersion = 16.0.31515.178
MinimumVisualStudioVersion = 10.0.40219.1
Project("{FAE04EC0-301F-11D3-BF4B-00C04F79EFBC}") = "IsInclude", "IsInclude\IsInclude.csproj", "{2AA5CC38-65D9-4859-BBC2-A60C83B569DC}"
EndProject
Project("{FAE04EC0-301F-11D3-BF4B-00C04F79EFBC}") = "TestEntryCheck", "TestEntryCheck\TestEntryCheck.csproj", "{CAB5324B-C995-4BA7-8C77-2CAD5298280C}"
EndProject
Global
	GlobalSection(SolutionConfigurationPlatforms) = preSolution
		Debug|Any CPU = Debug|Any CPU
		Release|Any CPU = Release|Any CPU
	EndGlobalSection
	GlobalSection(ProjectConfigurationPlatforms) = postSolution
		{2AA5CC38-65D9-4859-BBC2-A60C83B569DC}.Debug|Any CPU.ActiveCfg = Debug|Any CPU
		{2AA5CC38-65D9-4859-BBC2-A60C83B569DC}.Debug|Any CPU.Build.0 = Debug|Any CPU
		{2AA5CC38-65D9-4859-BBC2-A60C83B569DC}.Release|Any CPU.ActiveCfg = Release|Any CPU
		{2AA5CC38-65D9-4859-BBC2-A60C83B569DC}.Release|Any CPU.Build.0 = Release|Any CPU
		{CAB5324B-C995-4BA7-8C77-2CAD5298280C}.Debug|Any CPU.ActiveCfg = Debug|Any CPU
		{CAB5324B-C995-4BA7-8C77-2CAD5298280C}.Debug|Any CPU.Build.0 = Debug|Any CPU
		{CAB5324B-C995-4BA7-8C77-2CAD5298280C}.Release|Any CPU.ActiveCfg = Release|Any CPU
		{CAB5324B-C995-4BA7-8C77-2CAD5298280C}.Release|Any CPU.Build.0 = Release|Any CPU
	EndGlobalSection
	GlobalSection(SolutionProperties) = preSolution
		HideSolutionNode = FALSE
	EndGlobalSection
	GlobalSection(ExtensibilityGlobals) = postSolution
		SolutionGuid = {3ABD2901-A95E-4CFB-AB0C-817DBC8E4491}
	EndGlobalSection
EndGlobal
